
Microsoft Visual Studio Solution File, Format Version 12.00
# Visual Studio Version 16
VisualStudioVersion = 16.0.31613.86
MinimumVisualStudioVersion = 10.0.40219.1
Project("{FAE04EC0-301F-11D3-BF4B-00C04F79EFBC}") = "tictactoe2.0", "tictactoe2.0\tictactoe2.0.csproj", "{B6122F81-772F-4604-A9FE-997196AE8BCF}"
EndProject
Global
	GlobalSection(SolutionConfigurationPlatforms) = preSolution
		Debug|Any CPU = Debug|Any CPU
		Release|Any CPU = Release|Any CPU
	EndGlobalSection
	GlobalSection(ProjectConfigurationPlatforms) = postSolution
		{B6122F81-772F-4604-A9FE-997196AE8BCF}.Debug|Any CPU.ActiveCfg = Debug|Any CPU
		{B6122F81-772F-4604-A9FE-997196AE8BCF}.Debug|Any CPU.Build.0 = Debug|Any CPU
		{B6122F81-772F-4604-A9FE-997196AE8BCF}.Release|Any CPU.ActiveCfg = Release|Any CPU
		{B6122F81-772F-4604-A9FE-997196AE8BCF}.Release|Any CPU.Build.0 = Release|Any CPU
	EndGlobalSection
	GlobalSection(SolutionProperties) = preSolution
		HideSolutionNode = FALSE
	EndGlobalSection
	GlobalSection(ExtensibilityGlobals) = postSolution
		SolutionGuid = {8D80F8E9-809D-4F15-85E6-8456F2B94FC8}
	EndGlobalSection
EndGlobal
